
Microsoft Visual Studio Solution File, Format Version 12.00
Project("{FAE04EC0-301F-11D3-BF4B-00C04F79EFBC}") = "WeatherAppSDK", "WeatherAppSDK\WeatherAppSDK.csproj", "{1D77E1D6-0C90-4698-B7A3-4A35484AF3E5}"
EndProject
Project("{FAE04EC0-301F-11D3-BF4B-00C04F79EFBC}") = "WeatherAppSDK.UnitTests", "WeatherAppSDK.UnitTests\WeatherAppSDK.UnitTests.csproj", "{5245F921-5E26-4543-AB9C-B9374B950CA8}"
EndProject
Project("{FAE04EC0-301F-11D3-BF4B-00C04F79EFBC}") = "WeatherAppSDK.IntegrationTests", "WeatherAppSDK.IntegrationTests\WeatherAppSDK.IntegrationTests.csproj", "{A79182C0-AC9F-4D76-BD06-66177082AE03}"
EndProject
Global
	GlobalSection(SolutionConfigurationPlatforms) = preSolution
		Debug|Any CPU = Debug|Any CPU
		Release|Any CPU = Release|Any CPU
	EndGlobalSection
	GlobalSection(ProjectConfigurationPlatforms) = postSolution
		{1D77E1D6-0C90-4698-B7A3-4A35484AF3E5}.Debug|Any CPU.ActiveCfg = Debug|Any CPU
		{1D77E1D6-0C90-4698-B7A3-4A35484AF3E5}.Debug|Any CPU.Build.0 = Debug|Any CPU
		{1D77E1D6-0C90-4698-B7A3-4A35484AF3E5}.Release|Any CPU.ActiveCfg = Release|Any CPU
		{1D77E1D6-0C90-4698-B7A3-4A35484AF3E5}.Release|Any CPU.Build.0 = Release|Any CPU
		{5245F921-5E26-4543-AB9C-B9374B950CA8}.Debug|Any CPU.ActiveCfg = Debug|Any CPU
		{5245F921-5E26-4543-AB9C-B9374B950CA8}.Debug|Any CPU.Build.0 = Debug|Any CPU
		{5245F921-5E26-4543-AB9C-B9374B950CA8}.Release|Any CPU.ActiveCfg = Release|Any CPU
		{5245F921-5E26-4543-AB9C-B9374B950CA8}.Release|Any CPU.Build.0 = Release|Any CPU
		{A79182C0-AC9F-4D76-BD06-66177082AE03}.Debug|Any CPU.ActiveCfg = Debug|Any CPU
		{A79182C0-AC9F-4D76-BD06-66177082AE03}.Debug|Any CPU.Build.0 = Debug|Any CPU
		{A79182C0-AC9F-4D76-BD06-66177082AE03}.Release|Any CPU.ActiveCfg = Release|Any CPU
		{A79182C0-AC9F-4D76-BD06-66177082AE03}.Release|Any CPU.Build.0 = Release|Any CPU
	EndGlobalSection
EndGlobal
